
Microsoft Visual Studio Solution File, Format Version 12.00
# Visual Studio Version 17
VisualStudioVersion = 17.12.35521.163
MinimumVisualStudioVersion = 10.0.40219.1
Project("{FAE04EC0-301F-11D3-BF4B-00C04F79EFBC}") = "ScreenSound", "ScreenSound\ScreenSound.csproj", "{4F024DB2-108C-4314-AAB4-E61FE0843FD1}"
EndProject
Project("{FAE04EC0-301F-11D3-BF4B-00C04F79EFBC}") = "AtividadeClasses", "AtividadeClasses\AtividadeClasses.csproj", "{00627043-353E-4CDB-87F2-D56BE54091A5}"
EndProject
Global
	GlobalSection(SolutionConfigurationPlatforms) = preSolution
		Debug|Any CPU = Debug|Any CPU
		Release|Any CPU = Release|Any CPU
	EndGlobalSection
	GlobalSection(ProjectConfigurationPlatforms) = postSolution
		{4F024DB2-108C-4314-AAB4-E61FE0843FD1}.Debug|Any CPU.ActiveCfg = Debug|Any CPU
		{4F024DB2-108C-4314-AAB4-E61FE0843FD1}.Debug|Any CPU.Build.0 = Debug|Any CPU
		{4F024DB2-108C-4314-AAB4-E61FE0843FD1}.Release|Any CPU.ActiveCfg = Release|Any CPU
		{4F024DB2-108C-4314-AAB4-E61FE0843FD1}.Release|Any CPU.Build.0 = Release|Any CPU
		{00627043-353E-4CDB-87F2-D56BE54091A5}.Debug|Any CPU.ActiveCfg = Debug|Any CPU
		{00627043-353E-4CDB-87F2-D56BE54091A5}.Debug|Any CPU.Build.0 = Debug|Any CPU
		{00627043-353E-4CDB-87F2-D56BE54091A5}.Release|Any CPU.ActiveCfg = Release|Any CPU
		{00627043-353E-4CDB-87F2-D56BE54091A5}.Release|Any CPU.Build.0 = Release|Any CPU
	EndGlobalSection
	GlobalSection(SolutionProperties) = preSolution
		HideSolutionNode = FALSE
	EndGlobalSection
EndGlobal
